// !$*UTF8*$!
{
	archiveVersion = 1;
	classes = {
	};
	objectVersion = 77;
	objects = {

/* Begin PBXBuildFile section */
		110000000000000000000001 /* SonioxTranscriber/RecordingActivityAttributes.swift in Sources */ = {isa = PBXBuildFile; fileRef = 110000000000000000000003 /* SonioxTranscriber/RecordingActivityAttributes.swift */; };
		110000000000000000000002 /* SonioxLiveActivity.appex in Embed Foundation Extensions */ = {isa = PBXBuildFile; fileRef = 110000000000000000000004 /* SonioxLiveActivity.appex */; settings = {ATTRIBUTES = (RemoveHeadersOnCopy, ); }; };
/* End PBXBuildFile section */

/* Begin PBXContainerItemProxy section */
		300000000000000000000001 /* PBXContainerItemProxy */ = {
			isa = PBXContainerItemProxy;
			containerPortal = 600000000000000000000001 /* Project object */;
			proxyType = 1;
			remoteGlobalIDString = 500000000000000000000001;
			remoteInfo = SonioxTranscriber;
		};
		310000000000000000000001 /* PBXContainerItemProxy */ = {
			isa = PBXContainerItemProxy;
			containerPortal = 600000000000000000000001 /* Project object */;
			proxyType = 1;
			remoteGlobalIDString = 510000000000000000000001;
			remoteInfo = SonioxLiveActivity;
		};
/* End PBXContainerItemProxy section */

/* Begin PBXCopyFilesBuildPhase section */
		210000000000000000000004 /* Embed Foundation Extensions */ = {
			isa = PBXCopyFilesBuildPhase;
			buildActionMask = 2147483647;
			dstPath = "";
			dstSubfolderSpec = 13;
			files = (
				110000000000000000000002 /* SonioxLiveActivity.appex in Embed Foundation Extensions */,
			);
			name = "Embed Foundation Extensions";
			runOnlyForDeploymentPostprocessing = 0;
		};
/* End PBXCopyFilesBuildPhase section */

/* Begin PBXFileReference section */
		100000000000000000000001 /* SonioxTranscriber.app */ = {isa = PBXFileReference; explicitFileType = wrapper.application; path = SonioxTranscriber.app; sourceTree = BUILT_PRODUCTS_DIR; };
		100000000000000000000002 /* SonioxTranscriberTests.xctest */ = {isa = PBXFileReference; explicitFileType = wrapper.cfbundle; path = SonioxTranscriberTests.xctest; sourceTree = BUILT_PRODUCTS_DIR; };
		110000000000000000000003 /* SonioxTranscriber/RecordingActivityAttributes.swift */ = {isa = PBXFileReference; lastKnownFileType = sourcecode.swift; path = SonioxTranscriber/RecordingActivityAttributes.swift; sourceTree = SOURCE_ROOT; };
		110000000000000000000004 /* SonioxLiveActivity.appex */ = {isa = PBXFileReference; explicitFileType = "wrapper.app-extension"; path = SonioxLiveActivity.appex; sourceTree = BUILT_PRODUCTS_DIR; };
/* End PBXFileReference section */

/* Begin PBXFileSystemSynchronizedBuildFileExceptionSet section */
		100000000000000000000007 /* Exceptions for "SonioxTranscriber" folder in "SonioxTranscriber" target */ = {
			isa = PBXFileSystemSynchronizedBuildFileExceptionSet;
			membershipExceptions = (
				Info.plist,
			);
			target = 500000000000000000000001 /* SonioxTranscriber */;
		};
		110000000000000000000005 /* Exceptions for "SonioxLiveActivity" folder in "SonioxLiveActivity" target */ = {
			isa = PBXFileSystemSynchronizedBuildFileExceptionSet;
			membershipExceptions = (
				Info.plist,
			);
			target = 510000000000000000000001 /* SonioxLiveActivity */;
		};
/* End PBXFileSystemSynchronizedBuildFileExceptionSet section */

/* Begin PBXFileSystemSynchronizedRootGroup section */
		100000000000000000000003 /* SonioxTranscriber */ = {
			isa = PBXFileSystemSynchronizedRootGroup;
			exceptions = (
				100000000000000000000007 /* Exceptions for "SonioxTranscriber" folder in "SonioxTranscriber" target */,
			);
			path = SonioxTranscriber;
			sourceTree = "<group>";
		};
		100000000000000000000004 /* SonioxTranscriberTests */ = {
			isa = PBXFileSystemSynchronizedRootGroup;
			path = SonioxTranscriberTests;
			sourceTree = "<group>";
		};
		110000000000000000000006 /* SonioxLiveActivity */ = {
			isa = PBXFileSystemSynchronizedRootGroup;
			exceptions = (
				110000000000000000000005 /* Exceptions for "SonioxLiveActivity" folder in "SonioxLiveActivity" target */,
			);
			path = SonioxLiveActivity;
			sourceTree = "<group>";
		};
/* End PBXFileSystemSynchronizedRootGroup section */

/* Begin PBXFrameworksBuildPhase section */
		200000000000000000000002 /* Frameworks */ = {
			isa = PBXFrameworksBuildPhase;
			buildActionMask = 2147483647;
			files = (
			);
			runOnlyForDeploymentPostprocessing = 0;
		};
		200000000000000000000005 /* Frameworks */ = {
			isa = PBXFrameworksBuildPhase;
			buildActionMask = 2147483647;
			files = (
			);
			runOnlyForDeploymentPostprocessing = 0;
		};
		210000000000000000000002 /* Frameworks */ = {
			isa = PBXFrameworksBuildPhase;
			buildActionMask = 2147483647;
			files = (
			);
			runOnlyForDeploymentPostprocessing = 0;
		};
/* End PBXFrameworksBuildPhase section */

/* Begin PBXGroup section */
		100000000000000000000005 = {
			isa = PBXGroup;
			children = (
				100000000000000000000003 /* SonioxTranscriber */,
				100000000000000000000004 /* SonioxTranscriberTests */,
				110000000000000000000006 /* SonioxLiveActivity */,
				100000000000000000000006 /* Products */,
				49BA3D953004F58B00FEFA45 /* Recovered References */,
			);
			sourceTree = "<group>";
		};
		100000000000000000000006 /* Products */ = {
			isa = PBXGroup;
			children = (
				100000000000000000000001 /* SonioxTranscriber.app */,
				100000000000000000000002 /* SonioxTranscriberTests.xctest */,
				110000000000000000000004 /* SonioxLiveActivity.appex */,
			);
			name = Products;
			sourceTree = "<group>";
		};
		49BA3D953004F58B00FEFA45 /* Recovered References */ = {
			isa = PBXGroup;
			children = (
				110000000000000000000003 /* SonioxTranscriber/RecordingActivityAttributes.swift */,
			);
			name = "Recovered References";
			sourceTree = "<group>";
		};
/* End PBXGroup section */

/* Begin PBXNativeTarget section */
		500000000000000000000001 /* SonioxTranscriber */ = {
			isa = PBXNativeTarget;
			buildConfigurationList = 700000000000000000000001 /* Build configuration list for PBXNativeTarget "SonioxTranscriber" */;
			buildPhases = (
				200000000000000000000001 /* Sources */,
				200000000000000000000002 /* Frameworks */,
				200000000000000000000003 /* Resources */,
				210000000000000000000004 /* Embed Foundation Extensions */,
			);
			buildRules = (
			);
			dependencies = (
				310000000000000000000002 /* PBXTargetDependency */,
			);
			fileSystemSynchronizedGroups = (
				100000000000000000000003 /* SonioxTranscriber */,
			);
			name = SonioxTranscriber;
			productName = SonioxTranscriber;
			productReference = 100000000000000000000001 /* SonioxTranscriber.app */;
			productType = "com.apple.product-type.application";
		};
		500000000000000000000002 /* SonioxTranscriberTests */ = {
			isa = PBXNativeTarget;
			buildConfigurationList = 700000000000000000000002 /* Build configuration list for PBXNativeTarget "SonioxTranscriberTests" */;
			buildPhases = (
				200000000000000000000004 /* Sources */,
				200000000000000000000005 /* Frameworks */,
				200000000000000000000006 /* Resources */,
			);
			buildRules = (
			);
			dependencies = (
				300000000000000000000002 /* PBXTargetDependency */,
			);
			fileSystemSynchronizedGroups = (
				100000000000000000000004 /* SonioxTranscriberTests */,
			);
			name = SonioxTranscriberTests;
			productName = SonioxTranscriberTests;
			productReference = 100000000000000000000002 /* SonioxTranscriberTests.xctest */;
			productType = "com.apple.product-type.bundle.unit-test";
		};
		510000000000000000000001 /* SonioxLiveActivity */ = {
			isa = PBXNativeTarget;
			buildConfigurationList = 710000000000000000000001 /* Build configuration list for PBXNativeTarget "SonioxLiveActivity" */;
			buildPhases = (
				210000000000000000000001 /* Sources */,
				210000000000000000000002 /* Frameworks */,
				210000000000000000000003 /* Resources */,
			);
			buildRules = (
			);
			dependencies = (
			);
			fileSystemSynchronizedGroups = (
				110000000000000000000006 /* SonioxLiveActivity */,
			);
			name = SonioxLiveActivity;
			productName = SonioxLiveActivity;
			productReference = 110000000000000000000004 /* SonioxLiveActivity.appex */;
			productType = "com.apple.product-type.app-extension";
		};
/* End PBXNativeTarget section */

/* Begin PBXProject section */
		600000000000000000000001 /* Project object */ = {
			isa = PBXProject;
			attributes = {
				BuildIndependentTargetsInParallel = 1;
				LastSwiftUpdateCheck = 2660;
				LastUpgradeCheck = 2660;
				TargetAttributes = {
					500000000000000000000001 = {
						CreatedOnToolsVersion = 26.6;
					};
					500000000000000000000002 = {
						CreatedOnToolsVersion = 26.6;
						TestTargetID = 500000000000000000000001;
					};
					510000000000000000000001 = {
						CreatedOnToolsVersion = 26.6;
					};
				};
			};
			buildConfigurationList = 700000000000000000000003 /* Build configuration list for PBXProject "SonioxTranscriber" */;
			developmentRegion = ja;
			hasScannedForEncodings = 0;
			knownRegions = (
				ja,
				Base,
			);
			mainGroup = 100000000000000000000005;
			preferredProjectObjectVersion = 77;
			productRefGroup = 100000000000000000000006 /* Products */;
			projectDirPath = "";
			projectRoot = "";
			targets = (
				500000000000000000000001 /* SonioxTranscriber */,
				500000000000000000000002 /* SonioxTranscriberTests */,
				510000000000000000000001 /* SonioxLiveActivity */,
			);
		};
/* End PBXProject section */

/* Begin PBXResourcesBuildPhase section */
		200000000000000000000003 /* Resources */ = {
			isa = PBXResourcesBuildPhase;
			buildActionMask = 2147483647;
			files = (
			);
			runOnlyForDeploymentPostprocessing = 0;
		};
		200000000000000000000006 /* Resources */ = {
			isa = PBXResourcesBuildPhase;
			buildActionMask = 2147483647;
			files = (
			);
			runOnlyForDeploymentPostprocessing = 0;
		};
		210000000000000000000003 /* Resources */ = {
			isa = PBXResourcesBuildPhase;
			buildActionMask = 2147483647;
			files = (
			);
			runOnlyForDeploymentPostprocessing = 0;
		};
/* End PBXResourcesBuildPhase section */

/* Begin PBXSourcesBuildPhase section */
		200000000000000000000001 /* Sources */ = {
			isa = PBXSourcesBuildPhase;
			buildActionMask = 2147483647;
			files = (
			);
			runOnlyForDeploymentPostprocessing = 0;
		};
		200000000000000000000004 /* Sources */ = {
			isa = PBXSourcesBuildPhase;
			buildActionMask = 2147483647;
			files = (
			);
			runOnlyForDeploymentPostprocessing = 0;
		};
		210000000000000000000001 /* Sources */ = {
			isa = PBXSourcesBuildPhase;
			buildActionMask = 2147483647;
			files = (
				110000000000000000000001 /* SonioxTranscriber/RecordingActivityAttributes.swift in Sources */,
			);
			runOnlyForDeploymentPostprocessing = 0;
		};
/* End PBXSourcesBuildPhase section */

/* Begin PBXTargetDependency section */
		300000000000000000000002 /* PBXTargetDependency */ = {
			isa = PBXTargetDependency;
			target = 500000000000000000000001 /* SonioxTranscriber */;
			targetProxy = 300000000000000000000001 /* PBXContainerItemProxy */;
		};
		310000000000000000000002 /* PBXTargetDependency */ = {
			isa = PBXTargetDependency;
			target = 510000000000000000000001 /* SonioxLiveActivity */;
			targetProxy = 310000000000000000000001 /* PBXContainerItemProxy */;
		};
/* End PBXTargetDependency section */

/* Begin XCBuildConfiguration section */
		800000000000000000000001 /* Debug */ = {
			isa = XCBuildConfiguration;
			buildSettings = {
				ASSETCATALOG_COMPILER_APPICON_NAME = AppIcon;
				CODE_SIGN_STYLE = Automatic;
				DEVELOPMENT_TEAM = 7T8678TNFJ;
				INFOPLIST_FILE = SonioxTranscriber/Info.plist;
				IPHONEOS_DEPLOYMENT_TARGET = 17.0;
				PRODUCT_BUNDLE_IDENTIFIER = "$(APP_BUNDLE_IDENTIFIER)";
				PRODUCT_NAME = "$(TARGET_NAME)";
				SDKROOT = iphoneos;
				SUPPORTED_PLATFORMS = "iphoneos iphonesimulator";
				SUPPORTS_MACCATALYST = NO;
				SWIFT_VERSION = 5.0;
				TARGETED_DEVICE_FAMILY = 1;
			};
			name = Debug;
		};
		800000000000000000000002 /* Release */ = {
			isa = XCBuildConfiguration;
			buildSettings = {
				ASSETCATALOG_COMPILER_APPICON_NAME = AppIcon;
				CODE_SIGN_STYLE = Automatic;
				DEVELOPMENT_TEAM = 7T8678TNFJ;
				INFOPLIST_FILE = SonioxTranscriber/Info.plist;
				IPHONEOS_DEPLOYMENT_TARGET = 17.0;
				PRODUCT_BUNDLE_IDENTIFIER = "$(APP_BUNDLE_IDENTIFIER)";
				PRODUCT_NAME = "$(TARGET_NAME)";
				SDKROOT = iphoneos;
				SUPPORTED_PLATFORMS = "iphoneos iphonesimulator";
				SUPPORTS_MACCATALYST = NO;
				SWIFT_COMPILATION_MODE = wholemodule;
				SWIFT_VERSION = 5.0;
				TARGETED_DEVICE_FAMILY = 1;
				VALIDATE_PRODUCT = YES;
			};
			name = Release;
		};
		800000000000000000000003 /* Debug */ = {
			isa = XCBuildConfiguration;
			buildSettings = {
				BUNDLE_LOADER = "$(TEST_HOST)";
				CODE_SIGN_STYLE = Automatic;
				DEVELOPMENT_TEAM = 7T8678TNFJ;
				GENERATE_INFOPLIST_FILE = YES;
				IPHONEOS_DEPLOYMENT_TARGET = 17.0;
				PRODUCT_BUNDLE_IDENTIFIER = "$(APP_BUNDLE_IDENTIFIER).Tests";
				PRODUCT_NAME = "$(TARGET_NAME)";
				SDKROOT = iphoneos;
				SWIFT_VERSION = 5.0;
				TARGETED_DEVICE_FAMILY = 1;
				TEST_HOST = "$(BUILT_PRODUCTS_DIR)/SonioxTranscriber.app/$(BUNDLE_EXECUTABLE_FOLDER_PATH)/SonioxTranscriber";
			};
			name = Debug;
		};
		800000000000000000000004 /* Release */ = {
			isa = XCBuildConfiguration;
			buildSettings = {
				BUNDLE_LOADER = "$(TEST_HOST)";
				CODE_SIGN_STYLE = Automatic;
				DEVELOPMENT_TEAM = 7T8678TNFJ;
				GENERATE_INFOPLIST_FILE = YES;
				IPHONEOS_DEPLOYMENT_TARGET = 17.0;
				PRODUCT_BUNDLE_IDENTIFIER = "$(APP_BUNDLE_IDENTIFIER).Tests";
				PRODUCT_NAME = "$(TARGET_NAME)";
				SDKROOT = iphoneos;
				SWIFT_VERSION = 5.0;
				TARGETED_DEVICE_FAMILY = 1;
				TEST_HOST = "$(BUILT_PRODUCTS_DIR)/SonioxTranscriber.app/$(BUNDLE_EXECUTABLE_FOLDER_PATH)/SonioxTranscriber";
			};
			name = Release;
		};
		800000000000000000000005 /* Debug */ = {
			isa = XCBuildConfiguration;
			buildSettings = {
				ALWAYS_SEARCH_USER_PATHS = NO;
				APP_BUNDLE_IDENTIFIER = com.accordlab.SonioxTranscriber;
				CLANG_ENABLE_MODULES = YES;
				CLANG_ENABLE_OBJC_ARC = YES;
				DEBUG_INFORMATION_FORMAT = dwarf;
				ENABLE_TESTABILITY = YES;
				GCC_OPTIMIZATION_LEVEL = 0;
				IPHONEOS_DEPLOYMENT_TARGET = 17.0;
				ONLY_ACTIVE_ARCH = YES;
				SWIFT_ACTIVE_COMPILATION_CONDITIONS = DEBUG;
				SWIFT_OPTIMIZATION_LEVEL = "-Onone";
			};
			name = Debug;
		};
		800000000000000000000006 /* Release */ = {
			isa = XCBuildConfiguration;
			buildSettings = {
				ALWAYS_SEARCH_USER_PATHS = NO;
				APP_BUNDLE_IDENTIFIER = com.accordlab.SonioxTranscriber;
				CLANG_ENABLE_MODULES = YES;
				CLANG_ENABLE_OBJC_ARC = YES;
				DEBUG_INFORMATION_FORMAT = "dwarf-with-dsym";
				ENABLE_NS_ASSERTIONS = NO;
				IPHONEOS_DEPLOYMENT_TARGET = 17.0;
				SWIFT_COMPILATION_MODE = wholemodule;
			};
			name = Release;
		};
		810000000000000000000001 /* Debug */ = {
			isa = XCBuildConfiguration;
			buildSettings = {
				APPLICATION_EXTENSION_API_ONLY = YES;
				CODE_SIGN_STYLE = Automatic;
				DEVELOPMENT_TEAM = 7T8678TNFJ;
				INFOPLIST_FILE = SonioxLiveActivity/Info.plist;
				IPHONEOS_DEPLOYMENT_TARGET = 17.0;
				LD_RUNPATH_SEARCH_PATHS = (
					"$(inherited)",
					"@executable_path/Frameworks",
					"@executable_path/../../Frameworks",
				);
				PRODUCT_BUNDLE_IDENTIFIER = "$(APP_BUNDLE_IDENTIFIER).LiveActivity";
				PRODUCT_NAME = "$(TARGET_NAME)";
				SDKROOT = iphoneos;
				SKIP_INSTALL = YES;
				SUPPORTED_PLATFORMS = "iphoneos iphonesimulator";
				SWIFT_VERSION = 5.0;
				TARGETED_DEVICE_FAMILY = 1;
			};
			name = Debug;
		};
		810000000000000000000002 /* Release */ = {
			isa = XCBuildConfiguration;
			buildSettings = {
				APPLICATION_EXTENSION_API_ONLY = YES;
				CODE_SIGN_STYLE = Automatic;
				DEVELOPMENT_TEAM = 7T8678TNFJ;
				INFOPLIST_FILE = SonioxLiveActivity/Info.plist;
				IPHONEOS_DEPLOYMENT_TARGET = 17.0;
				LD_RUNPATH_SEARCH_PATHS = (
					"$(inherited)",
					"@executable_path/Frameworks",
					"@executable_path/../../Frameworks",
				);
				PRODUCT_BUNDLE_IDENTIFIER = "$(APP_BUNDLE_IDENTIFIER).LiveActivity";
				PRODUCT_NAME = "$(TARGET_NAME)";
				SDKROOT = iphoneos;
				SKIP_INSTALL = YES;
				SUPPORTED_PLATFORMS = "iphoneos iphonesimulator";
				SWIFT_COMPILATION_MODE = wholemodule;
				SWIFT_VERSION = 5.0;
				TARGETED_DEVICE_FAMILY = 1;
			};
			name = Release;
		};
/* End XCBuildConfiguration section */

/* Begin XCConfigurationList section */
		700000000000000000000001 /* Build configuration list for PBXNativeTarget "SonioxTranscriber" */ = {
			isa = XCConfigurationList;
			buildConfigurations = (
				800000000000000000000001 /* Debug */,
				800000000000000000000002 /* Release */,
			);
			defaultConfigurationIsVisible = 0;
			defaultConfigurationName = Release;
		};
		700000000000000000000002 /* Build configuration list for PBXNativeTarget "SonioxTranscriberTests" */ = {
			isa = XCConfigurationList;
			buildConfigurations = (
				800000000000000000000003 /* Debug */,
				800000000000000000000004 /* Release */,
			);
			defaultConfigurationIsVisible = 0;
			defaultConfigurationName = Release;
		};
		700000000000000000000003 /* Build configuration list for PBXProject "SonioxTranscriber" */ = {
			isa = XCConfigurationList;
			buildConfigurations = (
				800000000000000000000005 /* Debug */,
				800000000000000000000006 /* Release */,
			);
			defaultConfigurationIsVisible = 0;
			defaultConfigurationName = Release;
		};
		710000000000000000000001 /* Build configuration list for PBXNativeTarget "SonioxLiveActivity" */ = {
			isa = XCConfigurationList;
			buildConfigurations = (
				810000000000000000000001 /* Debug */,
				810000000000000000000002 /* Release */,
			);
			defaultConfigurationIsVisible = 0;
			defaultConfigurationName = Release;
		};
/* End XCConfigurationList section */
	};
	rootObject = 600000000000000000000001 /* Project object */;
}
